// !$*UTF8*$!
{
	archiveVersion = 1;
	classes = {
	};
	objectVersion = 50;
	objects = {

/* Begin PBXBuildFile section */
		D31758382582C6FB001C6A2F /* AppDelegate.swift in Sources */ = {isa = PBXBuildFile; fileRef = D31758372582C6FB001C6A2F /* AppDelegate.swift */; };
		D317583A2582C6FB001C6A2F /* Assets.xcassets in Resources */ = {isa = PBXBuildFile; fileRef = D31758392582C6FB001C6A2F /* Assets.xcassets */; };
		D317583D2582C6FB001C6A2F /* MainMenu.xib in Resources */ = {isa = PBXBuildFile; fileRef = D317583B2582C6FB001C6A2F /* MainMenu.xib */; };
		D31758472582C74B001C6A2F /* AppController.swift in Sources */ = {isa = PBXBuildFile; fileRef = D31758462582C74B001C6A2F /* AppController.swift */; };
		D317584A2582C85D001C6A2F /* Renderer.swift in Sources */ = {isa = PBXBuildFile; fileRef = D31758492582C85D001C6A2F /* Renderer.swift */; };
		D317584D2582D389001C6A2F /* Primitive.swift in Sources */ = {isa = PBXBuildFile; fileRef = D317584C2582D389001C6A2F /* Primitive.swift */; };
		D31758502582DAE2001C6A2F /* Shaders.metal in Sources */ = {isa = PBXBuildFile; fileRef = D317584F2582DAE2001C6A2F /* Shaders.metal */; };
		D31758542582EFAB001C6A2F /* train.obj in Resources */ = {isa = PBXBuildFile; fileRef = D31758522582EFAB001C6A2F /* train.obj */; };
		D31758552582EFAB001C6A2F /* train.mtl in Resources */ = {isa = PBXBuildFile; fileRef = D31758532582EFAB001C6A2F /* train.mtl */; };
/* End PBXBuildFile section */

/* Begin PBXFileReference section */
		D31758342582C6FB001C6A2F /* Pipeline_XIB.app */ = {isa = PBXFileReference; explicitFileType = wrapper.application; includeInIndex = 0; path = Pipeline_XIB.app; sourceTree = BUILT_PRODUCTS_DIR; };
		D31758372582C6FB001C6A2F /* AppDelegate.swift */ = {isa = PBXFileReference; lastKnownFileType = sourcecode.swift; path = AppDelegate.swift; sourceTree = "<group>"; };
		D31758392582C6FB001C6A2F /* Assets.xcassets */ = {isa = PBXFileReference; lastKnownFileType = folder.assetcatalog; path = Assets.xcassets; sourceTree = "<group>"; };
		D317583C2582C6FB001C6A2F /* Base */ = {isa = PBXFileReference; lastKnownFileType = file.xib; name = Base; path = Base.lproj/MainMenu.xib; sourceTree = "<group>"; };
		D317583E2582C6FB001C6A2F /* Info.plist */ = {isa = PBXFileReference; lastKnownFileType = text.plist.xml; path = Info.plist; sourceTree = "<group>"; };
		D317583F2582C6FB001C6A2F /* Pipeline_XIB.entitlements */ = {isa = PBXFileReference; lastKnownFileType = text.plist.entitlements; path = Pipeline_XIB.entitlements; sourceTree = "<group>"; };
		D31758462582C74B001C6A2F /* AppController.swift */ = {isa = PBXFileReference; lastKnownFileType = sourcecode.swift; path = AppController.swift; sourceTree = "<group>"; };
		D31758492582C85D001C6A2F /* Renderer.swift */ = {isa = PBXFileReference; lastKnownFileType = sourcecode.swift; path = Renderer.swift; sourceTree = "<group>"; };
		D317584C2582D389001C6A2F /* Primitive.swift */ = {isa = PBXFileReference; lastKnownFileType = sourcecode.swift; path = Primitive.swift; sourceTree = "<group>"; };
		D317584F2582DAE2001C6A2F /* Shaders.metal */ = {isa = PBXFileReference; lastKnownFileType = sourcecode.metal; path = Shaders.metal; sourceTree = "<group>"; };
		D31758522582EFAB001C6A2F /* train.obj */ = {isa = PBXFileReference; fileEncoding = 4; lastKnownFileType = text; name = train.obj; path = "../../met-materials/02-3d-models/projects/resources/train.obj"; sourceTree = "<group>"; };
		D31758532582EFAB001C6A2F /* train.mtl */ = {isa = PBXFileReference; fileEncoding = 4; lastKnownFileType = text; name = train.mtl; path = "../../met-materials/02-3d-models/projects/resources/train.mtl"; sourceTree = "<group>"; };
/* End PBXFileReference section */

/* Begin PBXFrameworksBuildPhase section */
		D31758312582C6FB001C6A2F /* Frameworks */ = {
			isa = PBXFrameworksBuildPhase;
			buildActionMask = 2147483647;
			files = (
			);
			runOnlyForDeploymentPostprocessing = 0;
		};
/* End PBXFrameworksBuildPhase section */

/* Begin PBXGroup section */
		D317582B2582C6FB001C6A2F = {
			isa = PBXGroup;
			children = (
				D31758362582C6FB001C6A2F /* Pipeline_XIB */,
				D31758352582C6FB001C6A2F /* Products */,
			);
			sourceTree = "<group>";
		};
		D31758352582C6FB001C6A2F /* Products */ = {
			isa = PBXGroup;
			children = (
				D31758342582C6FB001C6A2F /* Pipeline_XIB.app */,
			);
			name = Products;
			sourceTree = "<group>";
		};
		D31758362582C6FB001C6A2F /* Pipeline_XIB */ = {
			isa = PBXGroup;
			children = (
				D31758372582C6FB001C6A2F /* AppDelegate.swift */,
				D31758462582C74B001C6A2F /* AppController.swift */,
				D31758492582C85D001C6A2F /* Renderer.swift */,
				D317584C2582D389001C6A2F /* Primitive.swift */,
				D317584F2582DAE2001C6A2F /* Shaders.metal */,
				D31758532582EFAB001C6A2F /* train.mtl */,
				D31758522582EFAB001C6A2F /* train.obj */,
				D31758392582C6FB001C6A2F /* Assets.xcassets */,
				D317583B2582C6FB001C6A2F /* MainMenu.xib */,
				D317583E2582C6FB001C6A2F /* Info.plist */,
				D317583F2582C6FB001C6A2F /* Pipeline_XIB.entitlements */,
			);
			path = Pipeline_XIB;
			sourceTree = "<group>";
		};
/* End PBXGroup section */

/* Begin PBXNativeTarget section */
		D31758332582C6FB001C6A2F /* Pipeline_XIB */ = {
			isa = PBXNativeTarget;
			buildConfigurationList = D31758422582C6FB001C6A2F /* Build configuration list for PBXNativeTarget "Pipeline_XIB" */;
			buildPhases = (
				D31758302582C6FB001C6A2F /* Sources */,
				D31758312582C6FB001C6A2F /* Frameworks */,
				D31758322582C6FB001C6A2F /* Resources */,
			);
			buildRules = (
			);
			dependencies = (
			);
			name = Pipeline_XIB;
			productName = Pipeline_XIB;
			productReference = D31758342582C6FB001C6A2F /* Pipeline_XIB.app */;
			productType = "com.apple.product-type.application";
		};
/* End PBXNativeTarget section */

/* Begin PBXProject section */
		D317582C2582C6FB001C6A2F /* Project object */ = {
			isa = PBXProject;
			attributes = {
				LastSwiftUpdateCheck = 1210;
				LastUpgradeCheck = 1210;
				TargetAttributes = {
					D31758332582C6FB001C6A2F = {
						CreatedOnToolsVersion = 12.1;
					};
				};
			};
			buildConfigurationList = D317582F2582C6FB001C6A2F /* Build configuration list for PBXProject "Pipeline_XIB" */;
			compatibilityVersion = "Xcode 9.3";
			developmentRegion = en;
			hasScannedForEncodings = 0;
			knownRegions = (
				en,
				Base,
			);
			mainGroup = D317582B2582C6FB001C6A2F;
			productRefGroup = D31758352582C6FB001C6A2F /* Products */;
			projectDirPath = "";
			projectRoot = "";
			targets = (
				D31758332582C6FB001C6A2F /* Pipeline_XIB */,
			);
		};
/* End PBXProject section */

/* Begin PBXResourcesBuildPhase section */
		D31758322582C6FB001C6A2F /* Resources */ = {
			isa = PBXResourcesBuildPhase;
			buildActionMask = 2147483647;
			files = (
				D317583A2582C6FB001C6A2F /* Assets.xcassets in Resources */,
				D317583D2582C6FB001C6A2F /* MainMenu.xib in Resources */,
				D31758552582EFAB001C6A2F /* train.mtl in Resources */,
				D31758542582EFAB001C6A2F /* train.obj in Resources */,
			);
			runOnlyForDeploymentPostprocessing = 0;
		};
/* End PBXResourcesBuildPhase section */

/* Begin PBXSourcesBuildPhase section */
		D31758302582C6FB001C6A2F /* Sources */ = {
			isa = PBXSourcesBuildPhase;
			buildActionMask = 2147483647;
			files = (
				D31758382582C6FB001C6A2F /* AppDelegate.swift in Sources */,
				D317584A2582C85D001C6A2F /* Renderer.swift in Sources */,
				D31758472582C74B001C6A2F /* AppController.swift in Sources */,
				D317584D2582D389001C6A2F /* Primitive.swift in Sources */,
				D31758502582DAE2001C6A2F /* Shaders.metal in Sources */,
			);
			runOnlyForDeploymentPostprocessing = 0;
		};
/* End PBXSourcesBuildPhase section */

/* Begin PBXVariantGroup section */
		D317583B2582C6FB001C6A2F /* MainMenu.xib */ = {
			isa = PBXVariantGroup;
			children = (
				D317583C2582C6FB001C6A2F /* Base */,
			);
			name = MainMenu.xib;
			sourceTree = "<group>";
		};
/* End PBXVariantGroup section */

/* Begin XCBuildConfiguration section */
		D31758402582C6FB001C6A2F /* Debug */ = {
			isa = XCBuildConfiguration;
			buildSettings = {
				ALWAYS_SEARCH_USER_PATHS = NO;
				CLANG_ANALYZER_NONNULL = YES;
				CLANG_ANALYZER_NUMBER_OBJECT_CONVERSION = YES_AGGRESSIVE;
				CLANG_CXX_LANGUAGE_STANDARD = "gnu++14";
				CLANG_CXX_LIBRARY = "libc++";
				CLANG_ENABLE_MODULES = YES;
				CLANG_ENABLE_OBJC_ARC = YES;
				CLANG_ENABLE_OBJC_WEAK = YES;
				CLANG_WARN_BLOCK_CAPTURE_AUTORELEASING = YES;
				CLANG_WARN_BOOL_CONVERSION = YES;
				CLANG_WARN_COMMA = YES;
				CLANG_WARN_CONSTANT_CONVERSION = YES;
				CLANG_WARN_DEPRECATED_OBJC_IMPLEMENTATIONS = YES;
				CLANG_WARN_DIRECT_OBJC_ISA_USAGE = YES_ERROR;
				CLANG_WARN_DOCUMENTATION_COMMENTS = YES;
				CLANG_WARN_EMPTY_BODY = YES;
				CLANG_WARN_ENUM_CONVERSION = YES;
				CLANG_WARN_INFINITE_RECURSION = YES;
				CLANG_WARN_INT_CONVERSION = YES;
				CLANG_WARN_NON_LITERAL_NULL_CONVERSION = YES;
				CLANG_WARN_OBJC_IMPLICIT_RETAIN_SELF = YES;
				CLANG_WARN_OBJC_LITERAL_CONVERSION = YES;
				CLANG_WARN_OBJC_ROOT_CLASS = YES_ERROR;
				CLANG_WARN_QUOTED_INCLUDE_IN_FRAMEWORK_HEADER = YES;
				CLANG_WARN_RANGE_LOOP_ANALYSIS = YES;
				CLANG_WARN_STRICT_PROTOTYPES = YES;
				CLANG_WARN_SUSPICIOUS_MOVE = YES;
				CLANG_WARN_UNGUARDED_AVAILABILITY = YES_AGGRESSIVE;
				CLANG_WARN_UNREACHABLE_CODE = YES;
				CLANG_WARN__DUPLICATE_METHOD_MATCH = YES;
				COPY_PHASE_STRIP = NO;
				DEBUG_INFORMATION_FORMAT = dwarf;
				ENABLE_STRICT_OBJC_MSGSEND = YES;
				ENABLE_TESTABILITY = YES;
				GCC_C_LANGUAGE_STANDARD = gnu11;
				GCC_DYNAMIC_NO_PIC = NO;
				GCC_NO_COMMON_BLOCKS = YES;
				GCC_OPTIMIZATION_LEVEL = 0;
				GCC_PREPROCESSOR_DEFINITIONS = (
					"DEBUG=1",
					"$(inherited)",
				);
				GCC_WARN_64_TO_32_BIT_CONVERSION = YES;
				GCC_WARN_ABOUT_RETURN_TYPE = YES_ERROR;
				GCC_WARN_UNDECLARED_SELECTOR = YES;
				GCC_WARN_UNINITIALIZED_AUTOS = YES_AGGRESSIVE;
				GCC_WARN_UNUSED_FUNCTION = YES;
				GCC_WARN_UNUSED_VARIABLE = YES;
				MACOSX_DEPLOYMENT_TARGET = 10.15;
				MTL_ENABLE_DEBUG_INFO = INCLUDE_SOURCE;
				MTL_FAST_MATH = YES;
				ONLY_ACTIVE_ARCH = YES;
				SDKROOT = macosx;
				SWIFT_ACTIVE_COMPILATION_CONDITIONS = DEBUG;
				SWIFT_OPTIMIZATION_LEVEL = "-Onone";
			};
			name = Debug;
		};
		D31758412582C6FB001C6A2F /* Release */ = {
			isa = XCBuildConfiguration;
			buildSettings = {
				ALWAYS_SEARCH_USER_PATHS = NO;
				CLANG_ANALYZER_NONNULL = YES;
				CLANG_ANALYZER_NUMBER_OBJECT_CONVERSION = YES_AGGRESSIVE;
				CLANG_CXX_LANGUAGE_STANDARD = "gnu++14";
				CLANG_CXX_LIBRARY = "libc++";
				CLANG_ENABLE_MODULES = YES;
				CLANG_ENABLE_OBJC_ARC = YES;
				CLANG_ENABLE_OBJC_WEAK = YES;
				CLANG_WARN_BLOCK_CAPTURE_AUTORELEASING = YES;
				CLANG_WARN_BOOL_CONVERSION = YES;
				CLANG_WARN_COMMA = YES;
				CLANG_WARN_CONSTANT_CONVERSION = YES;
				CLANG_WARN_DEPRECATED_OBJC_IMPLEMENTATIONS = YES;
				CLANG_WARN_DIRECT_OBJC_ISA_USAGE = YES_ERROR;
				CLANG_WARN_DOCUMENTATION_COMMENTS = YES;
				CLANG_WARN_EMPTY_BODY = YES;
				CLANG_WARN_ENUM_CONVERSION = YES;
				CLANG_WARN_INFINITE_RECURSION = YES;
				CLANG_WARN_INT_CONVERSION = YES;
				CLANG_WARN_NON_LITERAL_NULL_CONVERSION = YES;
				CLANG_WARN_OBJC_IMPLICIT_RETAIN_SELF = YES;
				CLANG_WARN_OBJC_LITERAL_CONVERSION = YES;
				CLANG_WARN_OBJC_ROOT_CLASS = YES_ERROR;
				CLANG_WARN_QUOTED_INCLUDE_IN_FRAMEWORK_HEADER = YES;
				CLANG_WARN_RANGE_LOOP_ANALYSIS = YES;
				CLANG_WARN_STRICT_PROTOTYPES = YES;
				CLANG_WARN_SUSPICIOUS_MOVE = YES;
				CLANG_WARN_UNGUARDED_AVAILABILITY = YES_AGGRESSIVE;
				CLANG_WARN_UNREACHABLE_CODE = YES;
				CLANG_WARN__DUPLICATE_METHOD_MATCH = YES;
				COPY_PHASE_STRIP = NO;
				DEBUG_INFORMATION_FORMAT = "dwarf-with-dsym";
				ENABLE_NS_ASSERTIONS = NO;
				ENABLE_STRICT_OBJC_MSGSEND = YES;
				GCC_C_LANGUAGE_STANDARD = gnu11;
				GCC_NO_COMMON_BLOCKS = YES;
				GCC_WARN_64_TO_32_BIT_CONVERSION = YES;
				GCC_WARN_ABOUT_RETURN_TYPE = YES_ERROR;
				GCC_WARN_UNDECLARED_SELECTOR = YES;
				GCC_WARN_UNINITIALIZED_AUTOS = YES_AGGRESSIVE;
				GCC_WARN_UNUSED_FUNCTION = YES;
				GCC_WARN_UNUSED_VARIABLE = YES;
				MACOSX_DEPLOYMENT_TARGET = 10.15;
				MTL_ENABLE_DEBUG_INFO = NO;
				MTL_FAST_MATH = YES;
				SDKROOT = macosx;
				SWIFT_COMPILATION_MODE = wholemodule;
				SWIFT_OPTIMIZATION_LEVEL = "-O";
			};
			name = Release;
		};
		D31758432582C6FB001C6A2F /* Debug */ = {
			isa = XCBuildConfiguration;
			buildSettings = {
				ASSETCATALOG_COMPILER_APPICON_NAME = AppIcon;
				ASSETCATALOG_COMPILER_GLOBAL_ACCENT_COLOR_NAME = AccentColor;
				CODE_SIGN_ENTITLEMENTS = Pipeline_XIB/Pipeline_XIB.entitlements;
				CODE_SIGN_STYLE = Automatic;
				COMBINE_HIDPI_IMAGES = YES;
				DEVELOPMENT_TEAM = 294455F6QL;
				ENABLE_HARDENED_RUNTIME = YES;
				INFOPLIST_FILE = Pipeline_XIB/Info.plist;
				LD_RUNPATH_SEARCH_PATHS = (
					"$(inherited)",
					"@executable_path/../Frameworks",
				);
				PRODUCT_BUNDLE_IDENTIFIER = "com.huberistech.Pipeline-XIB";
				PRODUCT_NAME = "$(TARGET_NAME)";
				SWIFT_VERSION = 5.0;
			};
			name = Debug;
		};
		D31758442582C6FB001C6A2F /* Release */ = {
			isa = XCBuildConfiguration;
			buildSettings = {
				ASSETCATALOG_COMPILER_APPICON_NAME = AppIcon;
				ASSETCATALOG_COMPILER_GLOBAL_ACCENT_COLOR_NAME = AccentColor;
				CODE_SIGN_ENTITLEMENTS = Pipeline_XIB/Pipeline_XIB.entitlements;
				CODE_SIGN_STYLE = Automatic;
				COMBINE_HIDPI_IMAGES = YES;
				DEVELOPMENT_TEAM = 294455F6QL;
				ENABLE_HARDENED_RUNTIME = YES;
				INFOPLIST_FILE = Pipeline_XIB/Info.plist;
				LD_RUNPATH_SEARCH_PATHS = (
					"$(inherited)",
					"@executable_path/../Frameworks",
				);
				PRODUCT_BUNDLE_IDENTIFIER = "com.huberistech.Pipeline-XIB";
				PRODUCT_NAME = "$(TARGET_NAME)";
				SWIFT_VERSION = 5.0;
			};
			name = Release;
		};
/* End XCBuildConfiguration section */

/* Begin XCConfigurationList section */
		D317582F2582C6FB001C6A2F /* Build configuration list for PBXProject "Pipeline_XIB" */ = {
			isa = XCConfigurationList;
			buildConfigurations = (
				D31758402582C6FB001C6A2F /* Debug */,
				D31758412582C6FB001C6A2F /* Release */,
			);
			defaultConfigurationIsVisible = 0;
			defaultConfigurationName = Release;
		};
		D31758422582C6FB001C6A2F /* Build configuration list for PBXNativeTarget "Pipeline_XIB" */ = {
			isa = XCConfigurationList;
			buildConfigurations = (
				D31758432582C6FB001C6A2F /* Debug */,
				D31758442582C6FB001C6A2F /* Release */,
			);
			defaultConfigurationIsVisible = 0;
			defaultConfigurationName = Release;
		};
/* End XCConfigurationList section */
	};
	rootObject = D317582C2582C6FB001C6A2F /* Project object */;
}
